
Microsoft Visual Studio Solution File, Format Version 12.00
Project("{FAE04EC0-301F-11D3-BF4B-00C04F79EFBC}") = "StarWars.Api", "StarWars.Api\StarWars.Api.csproj", "{62822D36-5276-4639-82CD-C7B0BFE3A2EC}"
EndProject
Global
	GlobalSection(SolutionConfigurationPlatforms) = preSolution
		Debug|Any CPU = Debug|Any CPU
		Release|Any CPU = Release|Any CPU
	EndGlobalSection
	GlobalSection(ProjectConfigurationPlatforms) = postSolution
		{62822D36-5276-4639-82CD-C7B0BFE3A2EC}.Debug|Any CPU.ActiveCfg = Debug|Any CPU
		{62822D36-5276-4639-82CD-C7B0BFE3A2EC}.Debug|Any CPU.Build.0 = Debug|Any CPU
		{62822D36-5276-4639-82CD-C7B0BFE3A2EC}.Release|Any CPU.ActiveCfg = Release|Any CPU
		{62822D36-5276-4639-82CD-C7B0BFE3A2EC}.Release|Any CPU.Build.0 = Release|Any CPU
	EndGlobalSection
EndGlobal
